
Microsoft Visual Studio Solution File, Format Version 12.00
# Visual Studio Version 17
VisualStudioVersion = 17.5.2.0
MinimumVisualStudioVersion = 10.0.40219.1
Project("{FAE04EC0-301F-11D3-BF4B-00C04F79EFBC}") = "PazarAtlasi.CMS", "PazarAtlasi.CMS\PazarAtlasi.CMS.csproj", "{D03EDED3-70A3-FB4B-7121-2B786D8B051A}"
EndProject
Project("{FAE04EC0-301F-11D3-BF4B-00C04F79EFBC}") = "PazarAtlasi.CMS.Domain", "PazarAtlasi.CMS.Domain\PazarAtlasi.CMS.Domain.csproj", "{175D646D-DF7D-4230-BBDB-0EF6F1114D83}"
EndProject
Project("{FAE04EC0-301F-11D3-BF4B-00C04F79EFBC}") = "PazarAtlasi.CMS.Persistence", "PazarAtlasi.CMS.Persistence\PazarAtlasi.CMS.Persistence.csproj", "{B880AEC3-38EF-4D91-A469-98E8E9D5BECC}"
EndProject
Global
	GlobalSection(SolutionConfigurationPlatforms) = preSolution
		Debug|Any CPU = Debug|Any CPU
		Release|Any CPU = Release|Any CPU
	EndGlobalSection
	GlobalSection(ProjectConfigurationPlatforms) = postSolution
		{D03EDED3-70A3-FB4B-7121-2B786D8B051A}.Debug|Any CPU.ActiveCfg = Debug|Any CPU
		{D03EDED3-70A3-FB4B-7121-2B786D8B051A}.Debug|Any CPU.Build.0 = Debug|Any CPU
		{D03EDED3-70A3-FB4B-7121-2B786D8B051A}.Release|Any CPU.ActiveCfg = Release|Any CPU
		{D03EDED3-70A3-FB4B-7121-2B786D8B051A}.Release|Any CPU.Build.0 = Release|Any CPU
		{175D646D-DF7D-4230-BBDB-0EF6F1114D83}.Debug|Any CPU.ActiveCfg = Debug|Any CPU
		{175D646D-DF7D-4230-BBDB-0EF6F1114D83}.Debug|Any CPU.Build.0 = Debug|Any CPU
		{175D646D-DF7D-4230-BBDB-0EF6F1114D83}.Release|Any CPU.ActiveCfg = Release|Any CPU
		{175D646D-DF7D-4230-BBDB-0EF6F1114D83}.Release|Any CPU.Build.0 = Release|Any CPU
		{B880AEC3-38EF-4D91-A469-98E8E9D5BECC}.Debug|Any CPU.ActiveCfg = Debug|Any CPU
		{B880AEC3-38EF-4D91-A469-98E8E9D5BECC}.Debug|Any CPU.Build.0 = Debug|Any CPU
		{B880AEC3-38EF-4D91-A469-98E8E9D5BECC}.Release|Any CPU.ActiveCfg = Release|Any CPU
		{B880AEC3-38EF-4D91-A469-98E8E9D5BECC}.Release|Any CPU.Build.0 = Release|Any CPU
	EndGlobalSection
	GlobalSection(SolutionProperties) = preSolution
		HideSolutionNode = FALSE
	EndGlobalSection
	GlobalSection(ExtensibilityGlobals) = postSolution
		SolutionGuid = {1AAF0D10-DA14-4A42-851C-98830A643DF2}
	EndGlobalSection
EndGlobal
